// !$*UTF8*$!
{
	archiveVersion = 1;
	classes = {
	};
	objectVersion = 55;
	objects = {

/* Begin PBXBuildFile section */
		186CA67627D0D5E600A91F14 /* AppDelegate.swift in Sources */ = {isa = PBXBuildFile; fileRef = 186CA67527D0D5E600A91F14 /* AppDelegate.swift */; };
		18A5099827DA105900A5A62B /* PlusAuth.plist in Resources */ = {isa = PBXBuildFile; fileRef = 18A5099727DA105900A5A62B /* PlusAuth.plist */; };
		18B517BA27CFE62700D7ABC6 /* plusauth_ios_starterApp.swift in Sources */ = {isa = PBXBuildFile; fileRef = 18B517B927CFE62700D7ABC6 /* plusauth_ios_starterApp.swift */; };
		18B517BC27CFE62700D7ABC6 /* ContentView.swift in Sources */ = {isa = PBXBuildFile; fileRef = 18B517BB27CFE62700D7ABC6 /* ContentView.swift */; };
		18B517BE27CFE62F00D7ABC6 /* Assets.xcassets in Resources */ = {isa = PBXBuildFile; fileRef = 18B517BD27CFE62F00D7ABC6 /* Assets.xcassets */; };
		18B517C127CFE62F00D7ABC6 /* Preview Assets.xcassets in Resources */ = {isa = PBXBuildFile; fileRef = 18B517C027CFE62F00D7ABC6 /* Preview Assets.xcassets */; };
		18B517C927CFE7FD00D7ABC6 /* AppAuth in Frameworks */ = {isa = PBXBuildFile; productRef = 18B517C827CFE7FD00D7ABC6 /* AppAuth */; };
		18B517CB27CFE7FD00D7ABC6 /* AppAuthCore in Frameworks */ = {isa = PBXBuildFile; productRef = 18B517CA27CFE7FD00D7ABC6 /* AppAuthCore */; };
/* End PBXBuildFile section */

/* Begin PBXFileReference section */
		186CA67527D0D5E600A91F14 /* AppDelegate.swift */ = {isa = PBXFileReference; lastKnownFileType = sourcecode.swift; path = AppDelegate.swift; sourceTree = "<group>"; };
		18A5099727DA105900A5A62B /* PlusAuth.plist */ = {isa = PBXFileReference; lastKnownFileType = text.plist.xml; path = PlusAuth.plist; sourceTree = "<group>"; };
		18A5099927DA173000A5A62B /* README.md */ = {isa = PBXFileReference; lastKnownFileType = net.daringfireball.markdown; path = README.md; sourceTree = "<group>"; };
		18B517B627CFE62700D7ABC6 /* plusauth-ios-starter.app */ = {isa = PBXFileReference; explicitFileType = wrapper.application; includeInIndex = 0; path = "plusauth-ios-starter.app"; sourceTree = BUILT_PRODUCTS_DIR; };
		18B517B927CFE62700D7ABC6 /* plusauth_ios_starterApp.swift */ = {isa = PBXFileReference; lastKnownFileType = sourcecode.swift; path = plusauth_ios_starterApp.swift; sourceTree = "<group>"; };
		18B517BB27CFE62700D7ABC6 /* ContentView.swift */ = {isa = PBXFileReference; lastKnownFileType = sourcecode.swift; path = ContentView.swift; sourceTree = "<group>"; };
		18B517BD27CFE62F00D7ABC6 /* Assets.xcassets */ = {isa = PBXFileReference; lastKnownFileType = folder.assetcatalog; path = Assets.xcassets; sourceTree = "<group>"; };
		18B517C027CFE62F00D7ABC6 /* Preview Assets.xcassets */ = {isa = PBXFileReference; lastKnownFileType = folder.assetcatalog; path = "Preview Assets.xcassets"; sourceTree = "<group>"; };
/* End PBXFileReference section */

/* Begin PBXFrameworksBuildPhase section */
		18B517B327CFE62700D7ABC6 /* Frameworks */ = {
			isa = PBXFrameworksBuildPhase;
			buildActionMask = 2147483647;
			files = (
				18B517C927CFE7FD00D7ABC6 /* AppAuth in Frameworks */,
				18B517CB27CFE7FD00D7ABC6 /* AppAuthCore in Frameworks */,
			);
			runOnlyForDeploymentPostprocessing = 0;
		};
/* End PBXFrameworksBuildPhase section */

/* Begin PBXGroup section */
		18B517AD27CFE62700D7ABC6 = {
			isa = PBXGroup;
			children = (
				18A5099927DA173000A5A62B /* README.md */,
				18B517B827CFE62700D7ABC6 /* plusauth-ios-starter */,
				18B517B727CFE62700D7ABC6 /* Products */,
			);
			sourceTree = "<group>";
		};
		18B517B727CFE62700D7ABC6 /* Products */ = {
			isa = PBXGroup;
			children = (
				18B517B627CFE62700D7ABC6 /* plusauth-ios-starter.app */,
			);
			name = Products;
			sourceTree = "<group>";
		};
		18B517B827CFE62700D7ABC6 /* plusauth-ios-starter */ = {
			isa = PBXGroup;
			children = (
				18B517B927CFE62700D7ABC6 /* plusauth_ios_starterApp.swift */,
				18B517BB27CFE62700D7ABC6 /* ContentView.swift */,
				18B517BD27CFE62F00D7ABC6 /* Assets.xcassets */,
				18B517BF27CFE62F00D7ABC6 /* Preview Content */,
				186CA67527D0D5E600A91F14 /* AppDelegate.swift */,
				18A5099727DA105900A5A62B /* PlusAuth.plist */,
			);
			path = "plusauth-ios-starter";
			sourceTree = "<group>";
		};
		18B517BF27CFE62F00D7ABC6 /* Preview Content */ = {
			isa = PBXGroup;
			children = (
				18B517C027CFE62F00D7ABC6 /* Preview Assets.xcassets */,
			);
			path = "Preview Content";
			sourceTree = "<group>";
		};
/* End PBXGroup section */

/* Begin PBXNativeTarget section */
		18B517B527CFE62700D7ABC6 /* plusauth-ios-starter */ = {
			isa = PBXNativeTarget;
			buildConfigurationList = 18B517C427CFE62F00D7ABC6 /* Build configuration list for PBXNativeTarget "plusauth-ios-starter" */;
			buildPhases = (
				18B517B227CFE62700D7ABC6 /* Sources */,
				18B517B327CFE62700D7ABC6 /* Frameworks */,
				18B517B427CFE62700D7ABC6 /* Resources */,
			);
			buildRules = (
			);
			dependencies = (
			);
			name = "plusauth-ios-starter";
			packageProductDependencies = (
				18B517C827CFE7FD00D7ABC6 /* AppAuth */,
				18B517CA27CFE7FD00D7ABC6 /* AppAuthCore */,
			);
			productName = "plusauth-ios-starter";
			productReference = 18B517B627CFE62700D7ABC6 /* plusauth-ios-starter.app */;
			productType = "com.apple.product-type.application";
		};
/* End PBXNativeTarget section */

/* Begin PBXProject section */
		18B517AE27CFE62700D7ABC6 /* Project object */ = {
			isa = PBXProject;
			attributes = {
				BuildIndependentTargetsInParallel = 1;
				LastSwiftUpdateCheck = 1310;
				LastUpgradeCheck = 1310;
				TargetAttributes = {
					18B517B527CFE62700D7ABC6 = {
						CreatedOnToolsVersion = 13.1;
					};
				};
			};
			buildConfigurationList = 18B517B127CFE62700D7ABC6 /* Build configuration list for PBXProject "plusauth-ios-starter" */;
			compatibilityVersion = "Xcode 13.0";
			developmentRegion = en;
			hasScannedForEncodings = 0;
			knownRegions = (
				en,
				Base,
			);
			mainGroup = 18B517AD27CFE62700D7ABC6;
			packageReferences = (
				18B517C727CFE7FD00D7ABC6 /* XCRemoteSwiftPackageReference "AppAuth-iOS" */,
			);
			productRefGroup = 18B517B727CFE62700D7ABC6 /* Products */;
			projectDirPath = "";
			projectRoot = "";
			targets = (
				18B517B527CFE62700D7ABC6 /* plusauth-ios-starter */,
			);
		};
/* End PBXProject section */

/* Begin PBXResourcesBuildPhase section */
		18B517B427CFE62700D7ABC6 /* Resources */ = {
			isa = PBXResourcesBuildPhase;
			buildActionMask = 2147483647;
			files = (
				18A5099827DA105900A5A62B /* PlusAuth.plist in Resources */,
				18B517C127CFE62F00D7ABC6 /* Preview Assets.xcassets in Resources */,
				18B517BE27CFE62F00D7ABC6 /* Assets.xcassets in Resources */,
			);
			runOnlyForDeploymentPostprocessing = 0;
		};
/* End PBXResourcesBuildPhase section */

/* Begin PBXSourcesBuildPhase section */
		18B517B227CFE62700D7ABC6 /* Sources */ = {
			isa = PBXSourcesBuildPhase;
			buildActionMask = 2147483647;
			files = (
				186CA67627D0D5E600A91F14 /* AppDelegate.swift in Sources */,
				18B517BC27CFE62700D7ABC6 /* ContentView.swift in Sources */,
				18B517BA27CFE62700D7ABC6 /* plusauth_ios_starterApp.swift in Sources */,
			);
			runOnlyForDeploymentPostprocessing = 0;
		};
/* End PBXSourcesBuildPhase section */

/* Begin XCBuildConfiguration section */
		18B517C227CFE62F00D7ABC6 /* Debug */ = {
			isa = XCBuildConfiguration;
			buildSettings = {
				ALWAYS_SEARCH_USER_PATHS = NO;
				CLANG_ANALYZER_NONNULL = YES;
				CLANG_ANALYZER_NUMBER_OBJECT_CONVERSION = YES_AGGRESSIVE;
				CLANG_CXX_LANGUAGE_STANDARD = "gnu++17";
				CLANG_CXX_LIBRARY = "libc++";
				CLANG_ENABLE_MODULES = YES;
				CLANG_ENABLE_OBJC_ARC = YES;
				CLANG_ENABLE_OBJC_WEAK = YES;
				CLANG_WARN_BLOCK_CAPTURE_AUTORELEASING = YES;
				CLANG_WARN_BOOL_CONVERSION = YES;
				CLANG_WARN_COMMA = YES;
				CLANG_WARN_CONSTANT_CONVERSION = YES;
				CLANG_WARN_DEPRECATED_OBJC_IMPLEMENTATIONS = YES;
				CLANG_WARN_DIRECT_OBJC_ISA_USAGE = YES_ERROR;
				CLANG_WARN_DOCUMENTATION_COMMENTS = YES;
				CLANG_WARN_EMPTY_BODY = YES;
				CLANG_WARN_ENUM_CONVERSION = YES;
				CLANG_WARN_INFINITE_RECURSION = YES;
				CLANG_WARN_INT_CONVERSION = YES;
				CLANG_WARN_NON_LITERAL_NULL_CONVERSION = YES;
				CLANG_WARN_OBJC_IMPLICIT_RETAIN_SELF = YES;
				CLANG_WARN_OBJC_LITERAL_CONVERSION = YES;
				CLANG_WARN_OBJC_ROOT_CLASS = YES_ERROR;
				CLANG_WARN_QUOTED_INCLUDE_IN_FRAMEWORK_HEADER = YES;
				CLANG_WARN_RANGE_LOOP_ANALYSIS = YES;
				CLANG_WARN_STRICT_PROTOTYPES = YES;
				CLANG_WARN_SUSPICIOUS_MOVE = YES;
				CLANG_WARN_UNGUARDED_AVAILABILITY = YES_AGGRESSIVE;
				CLANG_WARN_UNREACHABLE_CODE = YES;
				CLANG_WARN__DUPLICATE_METHOD_MATCH = YES;
				COPY_PHASE_STRIP = NO;
				DEBUG_INFORMATION_FORMAT = dwarf;
				ENABLE_STRICT_OBJC_MSGSEND = YES;
				ENABLE_TESTABILITY = YES;
				GCC_C_LANGUAGE_STANDARD = gnu11;
				GCC_DYNAMIC_NO_PIC = NO;
				GCC_NO_COMMON_BLOCKS = YES;
				GCC_OPTIMIZATION_LEVEL = 0;
				GCC_PREPROCESSOR_DEFINITIONS = (
					"DEBUG=1",
					"$(inherited)",
				);
				GCC_WARN_64_TO_32_BIT_CONVERSION = YES;
				GCC_WARN_ABOUT_RETURN_TYPE = YES_ERROR;
				GCC_WARN_UNDECLARED_SELECTOR = YES;
				GCC_WARN_UNINITIALIZED_AUTOS = YES_AGGRESSIVE;
				GCC_WARN_UNUSED_FUNCTION = YES;
				GCC_WARN_UNUSED_VARIABLE = YES;
				INFOPLIST_KEY_WKExtensionDelegateClassName = "";
				IPHONEOS_DEPLOYMENT_TARGET = 15.0;
				MTL_ENABLE_DEBUG_INFO = INCLUDE_SOURCE;
				MTL_FAST_MATH = YES;
				ONLY_ACTIVE_ARCH = YES;
				SDKROOT = iphoneos;
				SWIFT_ACTIVE_COMPILATION_CONDITIONS = DEBUG;
				SWIFT_OPTIMIZATION_LEVEL = "-Onone";
			};
			name = Debug;
		};
		18B517C327CFE62F00D7ABC6 /* Release */ = {
			isa = XCBuildConfiguration;
			buildSettings = {
				ALWAYS_SEARCH_USER_PATHS = NO;
				CLANG_ANALYZER_NONNULL = YES;
				CLANG_ANALYZER_NUMBER_OBJECT_CONVERSION = YES_AGGRESSIVE;
				CLANG_CXX_LANGUAGE_STANDARD = "gnu++17";
				CLANG_CXX_LIBRARY = "libc++";
				CLANG_ENABLE_MODULES = YES;
				CLANG_ENABLE_OBJC_ARC = YES;
				CLANG_ENABLE_OBJC_WEAK = YES;
				CLANG_WARN_BLOCK_CAPTURE_AUTORELEASING = YES;
				CLANG_WARN_BOOL_CONVERSION = YES;
				CLANG_WARN_COMMA = YES;
				CLANG_WARN_CONSTANT_CONVERSION = YES;
				CLANG_WARN_DEPRECATED_OBJC_IMPLEMENTATIONS = YES;
				CLANG_WARN_DIRECT_OBJC_ISA_USAGE = YES_ERROR;
				CLANG_WARN_DOCUMENTATION_COMMENTS = YES;
				CLANG_WARN_EMPTY_BODY = YES;
				CLANG_WARN_ENUM_CONVERSION = YES;
				CLANG_WARN_INFINITE_RECURSION = YES;
				CLANG_WARN_INT_CONVERSION = YES;
				CLANG_WARN_NON_LITERAL_NULL_CONVERSION = YES;
				CLANG_WARN_OBJC_IMPLICIT_RETAIN_SELF = YES;
				CLANG_WARN_OBJC_LITERAL_CONVERSION = YES;
				CLANG_WARN_OBJC_ROOT_CLASS = YES_ERROR;
				CLANG_WARN_QUOTED_INCLUDE_IN_FRAMEWORK_HEADER = YES;
				CLANG_WARN_RANGE_LOOP_ANALYSIS = YES;
				CLANG_WARN_STRICT_PROTOTYPES = YES;
				CLANG_WARN_SUSPICIOUS_MOVE = YES;
				CLANG_WARN_UNGUARDED_AVAILABILITY = YES_AGGRESSIVE;
				CLANG_WARN_UNREACHABLE_CODE = YES;
				CLANG_WARN__DUPLICATE_METHOD_MATCH = YES;
				COPY_PHASE_STRIP = NO;
				DEBUG_INFORMATION_FORMAT = "dwarf-with-dsym";
				ENABLE_NS_ASSERTIONS = NO;
				ENABLE_STRICT_OBJC_MSGSEND = YES;
				GCC_C_LANGUAGE_STANDARD = gnu11;
				GCC_NO_COMMON_BLOCKS = YES;
				GCC_WARN_64_TO_32_BIT_CONVERSION = YES;
				GCC_WARN_ABOUT_RETURN_TYPE = YES_ERROR;
				GCC_WARN_UNDECLARED_SELECTOR = YES;
				GCC_WARN_UNINITIALIZED_AUTOS = YES_AGGRESSIVE;
				GCC_WARN_UNUSED_FUNCTION = YES;
				GCC_WARN_UNUSED_VARIABLE = YES;
				INFOPLIST_KEY_WKExtensionDelegateClassName = "";
				IPHONEOS_DEPLOYMENT_TARGET = 15.0;
				MTL_ENABLE_DEBUG_INFO = NO;
				MTL_FAST_MATH = YES;
				SDKROOT = iphoneos;
				SWIFT_COMPILATION_MODE = wholemodule;
				SWIFT_OPTIMIZATION_LEVEL = "-O";
				VALIDATE_PRODUCT = YES;
			};
			name = Release;
		};
		18B517C527CFE62F00D7ABC6 /* Debug */ = {
			isa = XCBuildConfiguration;
			buildSettings = {
				ASSETCATALOG_COMPILER_APPICON_NAME = AppIcon;
				ASSETCATALOG_COMPILER_GLOBAL_ACCENT_COLOR_NAME = AccentColor;
				CODE_SIGN_STYLE = Automatic;
				CURRENT_PROJECT_VERSION = 1;
				DEVELOPMENT_ASSET_PATHS = "\"plusauth-ios-starter/Preview Content\"";
				DEVELOPMENT_TEAM = 6KRM4BGC76;
				ENABLE_PREVIEWS = YES;
				GENERATE_INFOPLIST_FILE = YES;
				INFOPLIST_KEY_UIApplicationSceneManifest_Generation = YES;
				INFOPLIST_KEY_UIApplicationSupportsIndirectInputEvents = YES;
				INFOPLIST_KEY_UILaunchScreen_Generation = YES;
				INFOPLIST_KEY_UISupportedInterfaceOrientations_iPad = "UIInterfaceOrientationPortrait UIInterfaceOrientationPortraitUpsideDown UIInterfaceOrientationLandscapeLeft UIInterfaceOrientationLandscapeRight";
				INFOPLIST_KEY_UISupportedInterfaceOrientations_iPhone = "UIInterfaceOrientationPortrait UIInterfaceOrientationLandscapeLeft UIInterfaceOrientationLandscapeRight";
				IPHONEOS_DEPLOYMENT_TARGET = 15.0;
				LD_RUNPATH_SEARCH_PATHS = (
					"$(inherited)",
					"@executable_path/Frameworks",
				);
				MARKETING_VERSION = 1.0;
				PRODUCT_BUNDLE_IDENTIFIER = "com.plusauth.iosexample.plusauth-ios-starter";
				PRODUCT_NAME = "$(TARGET_NAME)";
				SWIFT_EMIT_LOC_STRINGS = YES;
				SWIFT_VERSION = 5.0;
				TARGETED_DEVICE_FAMILY = "1,2";
			};
			name = Debug;
		};
		18B517C627CFE62F00D7ABC6 /* Release */ = {
			isa = XCBuildConfiguration;
			buildSettings = {
				ASSETCATALOG_COMPILER_APPICON_NAME = AppIcon;
				ASSETCATALOG_COMPILER_GLOBAL_ACCENT_COLOR_NAME = AccentColor;
				CODE_SIGN_STYLE = Automatic;
				CURRENT_PROJECT_VERSION = 1;
				DEVELOPMENT_ASSET_PATHS = "\"plusauth-ios-starter/Preview Content\"";
				DEVELOPMENT_TEAM = 6KRM4BGC76;
				ENABLE_PREVIEWS = YES;
				GENERATE_INFOPLIST_FILE = YES;
				INFOPLIST_KEY_UIApplicationSceneManifest_Generation = YES;
				INFOPLIST_KEY_UIApplicationSupportsIndirectInputEvents = YES;
				INFOPLIST_KEY_UILaunchScreen_Generation = YES;
				INFOPLIST_KEY_UISupportedInterfaceOrientations_iPad = "UIInterfaceOrientationPortrait UIInterfaceOrientationPortraitUpsideDown UIInterfaceOrientationLandscapeLeft UIInterfaceOrientationLandscapeRight";
				INFOPLIST_KEY_UISupportedInterfaceOrientations_iPhone = "UIInterfaceOrientationPortrait UIInterfaceOrientationLandscapeLeft UIInterfaceOrientationLandscapeRight";
				IPHONEOS_DEPLOYMENT_TARGET = 15.0;
				LD_RUNPATH_SEARCH_PATHS = (
					"$(inherited)",
					"@executable_path/Frameworks",
				);
				MARKETING_VERSION = 1.0;
				PRODUCT_BUNDLE_IDENTIFIER = "com.plusauth.iosexample.plusauth-ios-starter";
				PRODUCT_NAME = "$(TARGET_NAME)";
				SWIFT_EMIT_LOC_STRINGS = YES;
				SWIFT_VERSION = 5.0;
				TARGETED_DEVICE_FAMILY = "1,2";
			};
			name = Release;
		};
/* End XCBuildConfiguration section */

/* Begin XCConfigurationList section */
		18B517B127CFE62700D7ABC6 /* Build configuration list for PBXProject "plusauth-ios-starter" */ = {
			isa = XCConfigurationList;
			buildConfigurations = (
				18B517C227CFE62F00D7ABC6 /* Debug */,
				18B517C327CFE62F00D7ABC6 /* Release */,
			);
			defaultConfigurationIsVisible = 0;
			defaultConfigurationName = Release;
		};
		18B517C427CFE62F00D7ABC6 /* Build configuration list for PBXNativeTarget "plusauth-ios-starter" */ = {
			isa = XCConfigurationList;
			buildConfigurations = (
				18B517C527CFE62F00D7ABC6 /* Debug */,
				18B517C627CFE62F00D7ABC6 /* Release */,
			);
			defaultConfigurationIsVisible = 0;
			defaultConfigurationName = Release;
		};
/* End XCConfigurationList section */

/* Begin XCRemoteSwiftPackageReference section */
		18B517C727CFE7FD00D7ABC6 /* XCRemoteSwiftPackageReference "AppAuth-iOS" */ = {
			isa = XCRemoteSwiftPackageReference;
			repositoryURL = "https://github.com/openid/AppAuth-iOS.git";
			requirement = {
				kind = upToNextMajorVersion;
				minimumVersion = 1.4.0;
			};
		};
/* End XCRemoteSwiftPackageReference section */

/* Begin XCSwiftPackageProductDependency section */
		18B517C827CFE7FD00D7ABC6 /* AppAuth */ = {
			isa = XCSwiftPackageProductDependency;
			package = 18B517C727CFE7FD00D7ABC6 /* XCRemoteSwiftPackageReference "AppAuth-iOS" */;
			productName = AppAuth;
		};
		18B517CA27CFE7FD00D7ABC6 /* AppAuthCore */ = {
			isa = XCSwiftPackageProductDependency;
			package = 18B517C727CFE7FD00D7ABC6 /* XCRemoteSwiftPackageReference "AppAuth-iOS" */;
			productName = AppAuthCore;
		};
/* End XCSwiftPackageProductDependency section */
	};
	rootObject = 18B517AE27CFE62700D7ABC6 /* Project object */;
}
